{
  "name": "Talksy",
  "lockfileVersion": 3,
  "requires": true,
  "packages": {
    "": {
      "devDependencies": {
        "@types/sockjs-client": "^1.5.4",
        "@types/stompjs": "^2.3.9"
      }
    },
    "node_modules/@types/node": {
      "version": "24.7.2",
      "resolved": "https://registry.npmjs.org/@types/node/-/node-24.7.2.tgz",
      "integrity": "sha512-/NbVmcGTP+lj5oa4yiYxxeBjRivKQ5Ns1eSZeB99ExsEQ6rX5XYU1Zy/gGxY/ilqtD4Etx9mKyrPxZRetiahhA==",
      "dev": true,
      "dependencies": {
        "undici-types": "~7.14.0"
      }
    },
    "node_modules/@types/sockjs-client": {
      "version": "1.5.4",
      "resolved": "https://registry.npmjs.org/@types/sockjs-client/-/sockjs-client-1.5.4.tgz",
      "integrity": "sha512-zk+uFZeWyvJ5ZFkLIwoGA/DfJ+pYzcZ8eH4H/EILCm2OBZyHH6Hkdna1/UWL/CFruh5wj6ES7g75SvUB0VsH5w==",
      "dev": true
    },
    "node_modules/@types/stompjs": {
      "version": "2.3.9",
      "resolved": "https://registry.npmjs.org/@types/stompjs/-/stompjs-2.3.9.tgz",
      "integrity": "sha512-fu/GgkRdxwyEJ+JeUsGhDxGwmZQi+xeNElradGQ4ehWiG2z/o89gsi5Y7Gv0KC6VK1v78Cjh8zj3VF+RvqCGSA==",
      "dev": true,
      "dependencies": {
        "@types/node": "*"
      }
    },
    "node_modules/undici-types": {
      "version": "7.14.0",
      "resolved": "https://registry.npmjs.org/undici-types/-/undici-types-7.14.0.tgz",
      "integrity": "sha512-QQiYxHuyZ9gQUIrmPo3IA+hUl4KYk8uSA7cHrcKd/l3p1OTpZcM0Tbp9x7FAtXdAYhlasd60ncPpgu6ihG6TOA==",
      "dev": true
    }
  }
}
